
Microsoft Visual Studio Solution File, Format Version 12.00
# Visual Studio Version 17
VisualStudioVersion = 17.3.32804.467
MinimumVisualStudioVersion = 10.0.40219.1
Project("{2150E333-8FDC-42A3-9474-1A3956D46DE8}") = "0 - Solution Items", "0 - Solution Items", "{22BC55AC-D1E8-4824-A410-33298C7699B8}"
EndProject
Project("{2150E333-8FDC-42A3-9474-1A3956D46DE8}") = "1 - Partners", "1 - Partners", "{C1D9C3ED-44DB-49BA-8C68-893D0A8469AF}"
EndProject
Project("{2150E333-8FDC-42A3-9474-1A3956D46DE8}") = "2 - ApplicationBlocks", "2 - ApplicationBlocks", "{47982381-444E-4167-965A-B225D933FD26}"
EndProject
Project("{2150E333-8FDC-42A3-9474-1A3956D46DE8}") = "3 - BuildingBlocks", "3 - BuildingBlocks", "{16533B04-C9C8-4F0D-BE11-2585DDD14F37}"
EndProject
Project("{2150E333-8FDC-42A3-9474-1A3956D46DE8}") = "4 - UnitTest", "4 - UnitTest", "{AFF3AC88-F197-45CF-9FF1-7B47269D0010}"
EndProject
Project("{2150E333-8FDC-42A3-9474-1A3956D46DE8}") = "Business", "Business", "{1C042EF6-E632-4041-9634-AA5FF2D0E9C6}"
EndProject
Project("{2150E333-8FDC-42A3-9474-1A3956D46DE8}") = "Data", "Data", "{F6222305-E0CC-4F64-B6BA-DFA67A58FB29}"
EndProject
Project("{2150E333-8FDC-42A3-9474-1A3956D46DE8}") = "Library", "Library", "{F9E95513-2524-461F-BC0C-8A3F8A7EA53C}"
	ProjectSection(SolutionItems) = preProject
		src\BuildingBlocks\Library\Google.Maps.Utils.iOS.dll = src\BuildingBlocks\Library\Google.Maps.Utils.iOS.dll
		src\BuildingBlocks\Library\Maui.Google.Maps.Utils.dll = src\BuildingBlocks\Library\Maui.Google.Maps.Utils.dll
	EndProjectSection
EndProject
Project("{2150E333-8FDC-42A3-9474-1A3956D46DE8}") = "Shared", "Shared", "{477A142E-89BC-4BE9-AE50-758BFF86953E}"
EndProject
Project("{2150E333-8FDC-42A3-9474-1A3956D46DE8}") = "Business", "Business", "{8CB3AA7F-CE71-4207-847B-0B4010C32DFC}"
EndProject
Project("{2150E333-8FDC-42A3-9474-1A3956D46DE8}") = "Data", "Data", "{E9132626-ABF1-4968-852E-FFF3BEC3521C}"
EndProject
Project("{2150E333-8FDC-42A3-9474-1A3956D46DE8}") = "Shared", "Shared", "{9BFF82F6-5277-469A-8410-78D3BC6418E1}"
EndProject
Project("{2150E333-8FDC-42A3-9474-1A3956D46DE8}") = "BA", "BA", "{14A7AAE3-122E-460B-A64A-CFA84C6E65DC}"
EndProject
Project("{2150E333-8FDC-42A3-9474-1A3956D46DE8}") = "CNN", "CNN", "{C5CE4E43-188D-47D6-AAD0-488786B39C2F}"
EndProject
Project("{2150E333-8FDC-42A3-9474-1A3956D46DE8}") = "VIVIEW", "VIVIEW", "{561155C1-5BA1-4A46-8FF7-81136E70A828}"
EndProject
Project("{9A19103F-16F7-4668-BE54-9A1E7A4F7556}") = "GPSMobile.BA", "src\Partners\BA\GPSMobile.BA\GPSMobile.BA.csproj", "{E98092FA-5650-4C8C-BCA9-2E73A771DA73}"
EndProject
Project("{9A19103F-16F7-4668-BE54-9A1E7A4F7556}") = "BA_Mobile.Core", "src\BuildingBlocks\BA_Mobile.Core\BA_Mobile.Core.csproj", "{70A1DBAE-F7CD-4F56-983E-91ADECB837C9}"
EndProject
Project("{9A19103F-16F7-4668-BE54-9A1E7A4F7556}") = "BA_Mobile.Entities", "src\BuildingBlocks\BA_Mobile.Entities\BA_Mobile.Entities.csproj", "{FC0356C5-8580-4107-9270-303E0B49912D}"
EndProject
Project("{9A19103F-16F7-4668-BE54-9A1E7A4F7556}") = "BA_Mobile.Service", "src\BuildingBlocks\BA_Mobile.Service\BA_Mobile.Service.csproj", "{9486DEB6-D48A-4756-B1B0-7BDE9E8E1B29}"
EndProject
Project("{9A19103F-16F7-4668-BE54-9A1E7A4F7556}") = "BA_Mobile.Utilities", "src\BuildingBlocks\BA_Mobile.Utilities\BA_Mobile.Utilities.csproj", "{6D71D1EC-A537-4EA5-89FD-8603047D9041}"
EndProject
Project("{9A19103F-16F7-4668-BE54-9A1E7A4F7556}") = "GPSMobile.Service", "src\ApplicationBlocks\GPSMobile.Service\GPSMobile.Service.csproj", "{F0645939-730C-42C9-8BE2-5422C0211566}"
EndProject
Project("{9A19103F-16F7-4668-BE54-9A1E7A4F7556}") = "GPSMobile.Entities", "src\ApplicationBlocks\GPSMobile.Entities\GPSMobile.Entities.csproj", "{6647B796-3C6A-42CE-9B23-0C999633042D}"
EndProject
Project("{9A19103F-16F7-4668-BE54-9A1E7A4F7556}") = "GPSMobile.Core", "src\ApplicationBlocks\GPSMobile.Core\GPSMobile.Core.csproj", "{D093A49F-B6A4-4FE0-8147-FB7BFA1199DE}"
EndProject
Project("{9A19103F-16F7-4668-BE54-9A1E7A4F7556}") = "BA_Mobile.GoogleMaps", "src\BuildingBlocks\BA_Mobile.GoogleMaps\BA_Mobile.GoogleMaps.csproj", "{D85A745D-E957-4D5D-A392-DDDBC78880BD}"
EndProject
Project("{FAE04EC0-301F-11D3-BF4B-00C04F79EFBC}") = "BA_Mobile.Mopups", "src\BuildingBlocks\BA_Mobile.Mopups\BA_Mobile.Mopups.csproj", "{5C9B8F18-B211-44E0-9F38-9A5B80C99F92}"
EndProject
Global
	GlobalSection(SolutionConfigurationPlatforms) = preSolution
		Debug|Any CPU = Debug|Any CPU
		Release|Any CPU = Release|Any CPU
	EndGlobalSection
	GlobalSection(ProjectConfigurationPlatforms) = postSolution
		{E98092FA-5650-4C8C-BCA9-2E73A771DA73}.Debug|Any CPU.ActiveCfg = Debug|Any CPU
		{E98092FA-5650-4C8C-BCA9-2E73A771DA73}.Debug|Any CPU.Build.0 = Debug|Any CPU
		{E98092FA-5650-4C8C-BCA9-2E73A771DA73}.Debug|Any CPU.Deploy.0 = Debug|Any CPU
		{E98092FA-5650-4C8C-BCA9-2E73A771DA73}.Release|Any CPU.ActiveCfg = Release|Any CPU
		{E98092FA-5650-4C8C-BCA9-2E73A771DA73}.Release|Any CPU.Build.0 = Release|Any CPU
		{E98092FA-5650-4C8C-BCA9-2E73A771DA73}.Release|Any CPU.Deploy.0 = Release|Any CPU
		{70A1DBAE-F7CD-4F56-983E-91ADECB837C9}.Debug|Any CPU.ActiveCfg = Debug|Any CPU
		{70A1DBAE-F7CD-4F56-983E-91ADECB837C9}.Debug|Any CPU.Build.0 = Debug|Any CPU
		{70A1DBAE-F7CD-4F56-983E-91ADECB837C9}.Release|Any CPU.ActiveCfg = Release|Any CPU
		{70A1DBAE-F7CD-4F56-983E-91ADECB837C9}.Release|Any CPU.Build.0 = Release|Any CPU
		{FC0356C5-8580-4107-9270-303E0B49912D}.Debug|Any CPU.ActiveCfg = Debug|Any CPU
		{FC0356C5-8580-4107-9270-303E0B49912D}.Debug|Any CPU.Build.0 = Debug|Any CPU
		{FC0356C5-8580-4107-9270-303E0B49912D}.Release|Any CPU.ActiveCfg = Release|Any CPU
		{FC0356C5-8580-4107-9270-303E0B49912D}.Release|Any CPU.Build.0 = Release|Any CPU
		{9486DEB6-D48A-4756-B1B0-7BDE9E8E1B29}.Debug|Any CPU.ActiveCfg = Debug|Any CPU
		{9486DEB6-D48A-4756-B1B0-7BDE9E8E1B29}.Debug|Any CPU.Build.0 = Debug|Any CPU
		{9486DEB6-D48A-4756-B1B0-7BDE9E8E1B29}.Release|Any CPU.ActiveCfg = Release|Any CPU
		{9486DEB6-D48A-4756-B1B0-7BDE9E8E1B29}.Release|Any CPU.Build.0 = Release|Any CPU
		{6D71D1EC-A537-4EA5-89FD-8603047D9041}.Debug|Any CPU.ActiveCfg = Debug|Any CPU
		{6D71D1EC-A537-4EA5-89FD-8603047D9041}.Debug|Any CPU.Build.0 = Debug|Any CPU
		{6D71D1EC-A537-4EA5-89FD-8603047D9041}.Release|Any CPU.ActiveCfg = Release|Any CPU
		{6D71D1EC-A537-4EA5-89FD-8603047D9041}.Release|Any CPU.Build.0 = Release|Any CPU
		{F0645939-730C-42C9-8BE2-5422C0211566}.Debug|Any CPU.ActiveCfg = Debug|Any CPU
		{F0645939-730C-42C9-8BE2-5422C0211566}.Debug|Any CPU.Build.0 = Debug|Any CPU
		{F0645939-730C-42C9-8BE2-5422C0211566}.Release|Any CPU.ActiveCfg = Release|Any CPU
		{F0645939-730C-42C9-8BE2-5422C0211566}.Release|Any CPU.Build.0 = Release|Any CPU
		{6647B796-3C6A-42CE-9B23-0C999633042D}.Debug|Any CPU.ActiveCfg = Debug|Any CPU
		{6647B796-3C6A-42CE-9B23-0C999633042D}.Debug|Any CPU.Build.0 = Debug|Any CPU
		{6647B796-3C6A-42CE-9B23-0C999633042D}.Release|Any CPU.ActiveCfg = Release|Any CPU
		{6647B796-3C6A-42CE-9B23-0C999633042D}.Release|Any CPU.Build.0 = Release|Any CPU
		{D093A49F-B6A4-4FE0-8147-FB7BFA1199DE}.Debug|Any CPU.ActiveCfg = Debug|Any CPU
		{D093A49F-B6A4-4FE0-8147-FB7BFA1199DE}.Debug|Any CPU.Build.0 = Debug|Any CPU
		{D093A49F-B6A4-4FE0-8147-FB7BFA1199DE}.Release|Any CPU.ActiveCfg = Release|Any CPU
		{D093A49F-B6A4-4FE0-8147-FB7BFA1199DE}.Release|Any CPU.Build.0 = Release|Any CPU
		{D85A745D-E957-4D5D-A392-DDDBC78880BD}.Debug|Any CPU.ActiveCfg = Debug|Any CPU
		{D85A745D-E957-4D5D-A392-DDDBC78880BD}.Debug|Any CPU.Build.0 = Debug|Any CPU
		{D85A745D-E957-4D5D-A392-DDDBC78880BD}.Release|Any CPU.ActiveCfg = Release|Any CPU
		{D85A745D-E957-4D5D-A392-DDDBC78880BD}.Release|Any CPU.Build.0 = Release|Any CPU
		{5C9B8F18-B211-44E0-9F38-9A5B80C99F92}.Debug|Any CPU.ActiveCfg = Debug|Any CPU
		{5C9B8F18-B211-44E0-9F38-9A5B80C99F92}.Debug|Any CPU.Build.0 = Debug|Any CPU
		{5C9B8F18-B211-44E0-9F38-9A5B80C99F92}.Release|Any CPU.ActiveCfg = Release|Any CPU
		{5C9B8F18-B211-44E0-9F38-9A5B80C99F92}.Release|Any CPU.Build.0 = Release|Any CPU
	EndGlobalSection
	GlobalSection(SolutionProperties) = preSolution
		HideSolutionNode = FALSE
	EndGlobalSection
	GlobalSection(NestedProjects) = preSolution
		{1C042EF6-E632-4041-9634-AA5FF2D0E9C6} = {16533B04-C9C8-4F0D-BE11-2585DDD14F37}
		{F6222305-E0CC-4F64-B6BA-DFA67A58FB29} = {16533B04-C9C8-4F0D-BE11-2585DDD14F37}
		{F9E95513-2524-461F-BC0C-8A3F8A7EA53C} = {16533B04-C9C8-4F0D-BE11-2585DDD14F37}
		{477A142E-89BC-4BE9-AE50-758BFF86953E} = {16533B04-C9C8-4F0D-BE11-2585DDD14F37}
		{8CB3AA7F-CE71-4207-847B-0B4010C32DFC} = {47982381-444E-4167-965A-B225D933FD26}
		{E9132626-ABF1-4968-852E-FFF3BEC3521C} = {47982381-444E-4167-965A-B225D933FD26}
		{9BFF82F6-5277-469A-8410-78D3BC6418E1} = {47982381-444E-4167-965A-B225D933FD26}
		{14A7AAE3-122E-460B-A64A-CFA84C6E65DC} = {C1D9C3ED-44DB-49BA-8C68-893D0A8469AF}
		{C5CE4E43-188D-47D6-AAD0-488786B39C2F} = {C1D9C3ED-44DB-49BA-8C68-893D0A8469AF}
		{561155C1-5BA1-4A46-8FF7-81136E70A828} = {C1D9C3ED-44DB-49BA-8C68-893D0A8469AF}
		{E98092FA-5650-4C8C-BCA9-2E73A771DA73} = {14A7AAE3-122E-460B-A64A-CFA84C6E65DC}
		{70A1DBAE-F7CD-4F56-983E-91ADECB837C9} = {477A142E-89BC-4BE9-AE50-758BFF86953E}
		{FC0356C5-8580-4107-9270-303E0B49912D} = {F6222305-E0CC-4F64-B6BA-DFA67A58FB29}
		{9486DEB6-D48A-4756-B1B0-7BDE9E8E1B29} = {1C042EF6-E632-4041-9634-AA5FF2D0E9C6}
		{6D71D1EC-A537-4EA5-89FD-8603047D9041} = {477A142E-89BC-4BE9-AE50-758BFF86953E}
		{F0645939-730C-42C9-8BE2-5422C0211566} = {8CB3AA7F-CE71-4207-847B-0B4010C32DFC}
		{6647B796-3C6A-42CE-9B23-0C999633042D} = {E9132626-ABF1-4968-852E-FFF3BEC3521C}
		{D093A49F-B6A4-4FE0-8147-FB7BFA1199DE} = {9BFF82F6-5277-469A-8410-78D3BC6418E1}
		{D85A745D-E957-4D5D-A392-DDDBC78880BD} = {477A142E-89BC-4BE9-AE50-758BFF86953E}
		{5C9B8F18-B211-44E0-9F38-9A5B80C99F92} = {477A142E-89BC-4BE9-AE50-758BFF86953E}
	EndGlobalSection
	GlobalSection(ExtensibilityGlobals) = postSolution
		SolutionGuid = {19A7A8FB-FDD1-4A63-8196-20F8629D6E23}
	EndGlobalSection
EndGlobal
